{
  "originHash" : "e7c99a57cdcac0cde26c668fd4967c2177472c8172a5e788390679c1ebdf08af",
  "pins" : [
    {
      "identity" : "languagekit",
      "kind" : "remoteSourceControl",
      "location" : "https://github.com/ajmcclary/LanguageKit.git",
      "state" : {
        "revision" : "b4dadf4963e50bc83728b951104d0135663daad4",
        "version" : "0.1.0"
      }
    },
    {
      "identity" : "swifttreesitter",
      "kind" : "remoteSourceControl",
      "location" : "https://github.com/ChimeHQ/SwiftTreeSitter.git",
      "state" : {
        "revision" : "2599e95310b3159641469d8a21baf2d3d200e61f",
        "version" : "0.8.0"
      }
    }
  ],
  "version" : 3
}
