{
  "originHash" : "218d9b7c7561ca0f2608f2adb884cc0393befc37acc23d22331465f8e7159a40",
  "pins" : [
    {
      "identity" : "languagekit",
      "kind" : "remoteSourceControl",
      "location" : "https://github.com/ajmcclary/LanguageKit.git",
      "state" : {
        "revision" : "7dae239a730b0bc604ea151b56fbec5a078e1fb0",
        "version" : "0.2.0"
      }
    },
    {
      "identity" : "swifttreesitter",
      "kind" : "remoteSourceControl",
      "location" : "https://github.com/ChimeHQ/SwiftTreeSitter.git",
      "state" : {
        "revision" : "2599e95310b3159641469d8a21baf2d3d200e61f",
        "version" : "0.8.0"
      }
    }
  ],
  "version" : 3
}
